{
  "name": "node-js-getting-started",
  "version": "0.2.6",
  "lockfileVersion": 1,
  "dependencies": {
    "busboy": {
      "version": "0.2.14",
      "resolved": "https://registry.npmjs.org/busboy/-/busboy-0.2.14.tgz",
      "integrity": "sha1-bCpiLvz0fFe7vh4qnDetNseSVFM="
    },
    "core-util-is": {
      "version": "1.0.2",
      "resolved": "https://registry.npmjs.org/core-util-is/-/core-util-is-1.0.2.tgz",
      "integrity": "sha1-tf1UIgqivFq1eqtxQMlAdUUDwac="
    },
    "deep-equal": {
      "version": "1.0.1",
      "resolved": "https://registry.npmjs.org/deep-equal/-/deep-equal-1.0.1.tgz",
      "integrity": "sha1-9dJgKStmDghO/0zbyfCK0yR0SLU="
    },
    "dicer": {
      "version": "0.2.5",
      "resolved": "https://registry.npmjs.org/dicer/-/dicer-0.2.5.tgz",
      "integrity": "sha1-WZbAhrszIYyBLAkL3cCc0S+stw8="
    },
    "fast-crc32c": {
      "version": "1.0.4",
      "resolved": "https://registry.npmjs.org/fast-crc32c/-/fast-crc32c-1.0.4.tgz",
      "integrity": "sha1-qLVm6aouI7a0EWzz2NB/X1ItVOM="
    },
    "fortune-http": {
      "version": "1.0.17",
      "resolved": "https://registry.npmjs.org/fortune-http/-/fortune-http-1.0.17.tgz",
      "integrity": "sha512-OHTMe/hIpTsiAee90WBUdfs8DwwgKoBSUjflVF1yxiUjn1KBZs0J3xs8KF4HSLMBhcqi+yC5gik7172nt6gm6w=="
    },
    "fortune-json-api": {
      "version": "2.1.2",
      "resolved": "https://registry.npmjs.org/fortune-json-api/-/fortune-json-api-2.1.2.tgz",
      "integrity": "sha1-FRoTLB5GluKhLI6hLwGdUGUOP5Q="
    },
    "inflection": {
      "version": "1.12.0",
      "resolved": "https://registry.npmjs.org/inflection/-/inflection-1.12.0.tgz",
      "integrity": "sha1-ogCTVlbW9fa8TcdQLhrstwMihBY="
    },
    "inherits": {
      "version": "2.0.3",
      "resolved": "https://registry.npmjs.org/inherits/-/inherits-2.0.3.tgz",
      "integrity": "sha1-Yzwsg+PaQqUC9SRmAiSA9CCCYd4="
    },
    "isarray": {
      "version": "0.0.1",
      "resolved": "https://registry.npmjs.org/isarray/-/isarray-0.0.1.tgz",
      "integrity": "sha1-ihis/Kmo9Bd+Cav8YDiTmwXR7t8="
    },
    "negotiator": {
      "version": "0.6.1",
      "resolved": "https://registry.npmjs.org/negotiator/-/negotiator-0.6.1.tgz",
      "integrity": "sha1-KzJxhOiZIQEXeyhWP7XnECrNDKk="
    },
    "readable-stream": {
      "version": "1.1.14",
      "resolved": "https://registry.npmjs.org/readable-stream/-/readable-stream-1.1.14.tgz",
      "integrity": "sha1-fPTFTvZI44EwhMY23SB54WbAgdk="
    },
    "sse4_crc32": {
      "version": "5.1.1",
      "resolved": "https://registry.npmjs.org/sse4_crc32/-/sse4_crc32-5.1.1.tgz",
      "integrity": "sha1-Gi5zoKgQ4tabYF/t54nVZ4KaBLc="
    },
    "streamsearch": {
      "version": "0.1.2",
      "resolved": "https://registry.npmjs.org/streamsearch/-/streamsearch-0.1.2.tgz",
      "integrity": "sha1-gIudDlb8Jz2Am6VzOOkpkZoanxo="
    },
    "string_decoder": {
      "version": "0.10.31",
      "resolved": "https://registry.npmjs.org/string_decoder/-/string_decoder-0.10.31.tgz",
      "integrity": "sha1-YuIDvEF2bGwoyfyEMB2rHFMQ+pQ="
    },
    "uri-templates": {
      "version": "0.2.0",
      "resolved": "https://registry.npmjs.org/uri-templates/-/uri-templates-0.2.0.tgz",
      "integrity": "sha1-K1eEURzJCYaHMekjPCaAl9ELSZ8="
    }
  }
}
